dependencies:
- name: prom-crds-proxy
  repository: oci://ghcr.io/cloudhippie/charts
  version: 1.0.0
- name: hcloud-ccm-mgmt
  repository: oci://ghcr.io/cloudhippie/charts
  version: 1.0.2
- name: hcloud-csi-mgmt
  repository: oci://ghcr.io/cloudhippie/charts
  version: 1.0.2
- name: hcloud-csi-proxy
  repository: oci://ghcr.io/cloudhippie/charts
  version: 1.0.2
- name: calico-cni-proxy
  repository: oci://ghcr.io/cloudhippie/charts
  version: 1.0.0
digest: sha256:c3bb7bcece2ecc14eaa194a138849fae9e73e82c5e4b732d1d06fe5a5eb5168c
generated: "2025-08-26T16:12:46.585235+02:00"
