dependencies:
- name: prom-crds-proxy
  repository: oci://ghcr.io/cloudhippie/charts
  version: 1.0.0
- name: hcloud-ccm-mgmt
  repository: oci://ghcr.io/cloudhippie/charts
  version: 1.1.0
- name: hcloud-csi-mgmt
  repository: oci://ghcr.io/cloudhippie/charts
  version: 1.0.2
- name: hcloud-csi-proxy
  repository: oci://ghcr.io/cloudhippie/charts
  version: 1.0.2
- name: calico-cni-proxy
  repository: oci://ghcr.io/cloudhippie/charts
  version: 1.0.0
digest: sha256:9a9c198b30d582d6af814bf463952945f3878ffc88ca75cc49387248e315fc45
generated: "2025-08-31T22:54:50.800782+02:00"
